
Microsoft Visual Studio Solution File, Format Version 12.00
# Visual Studio Version 17
VisualStudioVersion = 17.6.33829.357
MinimumVisualStudioVersion = 10.0.40219.1
Project("{FAE04EC0-301F-11D3-BF4B-00C04F79EFBC}") = "web_shop", "web_shop\web_shop.csproj", "{9BA8CA69-3402-4943-97F5-B8C64AC630F5}"
EndProject
Global
	GlobalSection(SolutionConfigurationPlatforms) = preSolution
		Debug|Any CPU = Debug|Any CPU
		Release|Any CPU = Release|Any CPU
	EndGlobalSection
	GlobalSection(ProjectConfigurationPlatforms) = postSolution
		{9BA8CA69-3402-4943-97F5-B8C64AC630F5}.Debug|Any CPU.ActiveCfg = Debug|Any CPU
		{9BA8CA69-3402-4943-97F5-B8C64AC630F5}.Debug|Any CPU.Build.0 = Debug|Any CPU
		{9BA8CA69-3402-4943-97F5-B8C64AC630F5}.Release|Any CPU.ActiveCfg = Release|Any CPU
		{9BA8CA69-3402-4943-97F5-B8C64AC630F5}.Release|Any CPU.Build.0 = Release|Any CPU
	EndGlobalSection
	GlobalSection(SolutionProperties) = preSolution
		HideSolutionNode = FALSE
	EndGlobalSection
	GlobalSection(ExtensibilityGlobals) = postSolution
		SolutionGuid = {3724164D-BB27-4DC0-849A-80E568050852}
	EndGlobalSection
EndGlobal
